
Microsoft Visual Studio Solution File, Format Version 12.00
# Visual Studio Version 17
VisualStudioVersion = 17.14.36429.23 d17.14
MinimumVisualStudioVersion = 10.0.40219.1
Project("{FAE04EC0-301F-11D3-BF4B-00C04F79EFBC}") = "DND Character manager", "DND Character manager.csproj", "{D379A108-E83B-4699-ADFA-383AC3E1EC4E}"
EndProject
Global
	GlobalSection(SolutionConfigurationPlatforms) = preSolution
		Debug|Any CPU = Debug|Any CPU
		Release|Any CPU = Release|Any CPU
	EndGlobalSection
	GlobalSection(ProjectConfigurationPlatforms) = postSolution
		{D379A108-E83B-4699-ADFA-383AC3E1EC4E}.Debug|Any CPU.ActiveCfg = Debug|Any CPU
		{D379A108-E83B-4699-ADFA-383AC3E1EC4E}.Debug|Any CPU.Build.0 = Debug|Any CPU
		{D379A108-E83B-4699-ADFA-383AC3E1EC4E}.Release|Any CPU.ActiveCfg = Release|Any CPU
		{D379A108-E83B-4699-ADFA-383AC3E1EC4E}.Release|Any CPU.Build.0 = Release|Any CPU
	EndGlobalSection
	GlobalSection(SolutionProperties) = preSolution
		HideSolutionNode = FALSE
	EndGlobalSection
	GlobalSection(ExtensibilityGlobals) = postSolution
		SolutionGuid = {DFE53EE6-6437-4814-837D-A58A54680CE9}
	EndGlobalSection
EndGlobal
